
Microsoft Visual Studio Solution File, Format Version 12.00
# Visual Studio Version 17
VisualStudioVersion = 17.8.34601.278
MinimumVisualStudioVersion = 10.0.40219.1
Project("{FAE04EC0-301F-11D3-BF4B-00C04F79EFBC}") = "APIAlerts", "src\APIAlerts\APIAlerts.csproj", "{DB9AA57B-BCDB-4229-B562-E9AAF493323B}"
EndProject
Project("{FAE04EC0-301F-11D3-BF4B-00C04F79EFBC}") = "APIAlerts.Tests", "tests\APIAlerts.Tests\APIAlerts.Tests.csproj", "{9A20F2E2-5CAC-443A-AC48-8A8A6456076B}"
EndProject
Project("{FAE04EC0-301F-11D3-BF4B-00C04F79EFBC}") = "Script.GitHub", "Script.GitHub\Script.GitHub.csproj", "{5C3FC72A-9F66-4213-BFF1-B43DDF8D29AD}"
EndProject
Global
	GlobalSection(SolutionConfigurationPlatforms) = preSolution
		Debug|Any CPU = Debug|Any CPU
		Release|Any CPU = Release|Any CPU
	EndGlobalSection
	GlobalSection(ProjectConfigurationPlatforms) = postSolution
		{DB9AA57B-BCDB-4229-B562-E9AAF493323B}.Debug|Any CPU.ActiveCfg = Debug|Any CPU
		{DB9AA57B-BCDB-4229-B562-E9AAF493323B}.Debug|Any CPU.Build.0 = Debug|Any CPU
		{DB9AA57B-BCDB-4229-B562-E9AAF493323B}.Release|Any CPU.ActiveCfg = Release|Any CPU
		{DB9AA57B-BCDB-4229-B562-E9AAF493323B}.Release|Any CPU.Build.0 = Release|Any CPU
		{9A20F2E2-5CAC-443A-AC48-8A8A6456076B}.Debug|Any CPU.ActiveCfg = Debug|Any CPU
		{9A20F2E2-5CAC-443A-AC48-8A8A6456076B}.Debug|Any CPU.Build.0 = Debug|Any CPU
		{9A20F2E2-5CAC-443A-AC48-8A8A6456076B}.Release|Any CPU.ActiveCfg = Release|Any CPU
		{9A20F2E2-5CAC-443A-AC48-8A8A6456076B}.Release|Any CPU.Build.0 = Release|Any CPU
		{5C3FC72A-9F66-4213-BFF1-B43DDF8D29AD}.Debug|Any CPU.ActiveCfg = Debug|Any CPU
		{5C3FC72A-9F66-4213-BFF1-B43DDF8D29AD}.Debug|Any CPU.Build.0 = Debug|Any CPU
		{5C3FC72A-9F66-4213-BFF1-B43DDF8D29AD}.Release|Any CPU.ActiveCfg = Release|Any CPU
		{5C3FC72A-9F66-4213-BFF1-B43DDF8D29AD}.Release|Any CPU.Build.0 = Release|Any CPU
	EndGlobalSection
	GlobalSection(SolutionProperties) = preSolution
		HideSolutionNode = FALSE
	EndGlobalSection
	GlobalSection(ExtensibilityGlobals) = postSolution
		SolutionGuid = {2A8564C4-A9B8-4165-94F0-3498D53C874E}
	EndGlobalSection
EndGlobal
